
Microsoft Visual Studio Solution File, Format Version 12.00
# Visual Studio Version 17
VisualStudioVersion = 17.14.37216.2 d17.14
MinimumVisualStudioVersion = 10.0.40219.1
Project("{FAE04EC0-301F-11D3-BF4B-00C04F79EFBC}") = "liste-2026-3-9a", "liste-2026-3-9a.csproj", "{511C2261-FB7F-4454-A5B7-AE21050B367E}"
EndProject
Global
	GlobalSection(SolutionConfigurationPlatforms) = preSolution
		Debug|Any CPU = Debug|Any CPU
		Release|Any CPU = Release|Any CPU
	EndGlobalSection
	GlobalSection(ProjectConfigurationPlatforms) = postSolution
		{511C2261-FB7F-4454-A5B7-AE21050B367E}.Debug|Any CPU.ActiveCfg = Debug|Any CPU
		{511C2261-FB7F-4454-A5B7-AE21050B367E}.Debug|Any CPU.Build.0 = Debug|Any CPU
		{511C2261-FB7F-4454-A5B7-AE21050B367E}.Release|Any CPU.ActiveCfg = Release|Any CPU
		{511C2261-FB7F-4454-A5B7-AE21050B367E}.Release|Any CPU.Build.0 = Release|Any CPU
	EndGlobalSection
	GlobalSection(SolutionProperties) = preSolution
		HideSolutionNode = FALSE
	EndGlobalSection
	GlobalSection(ExtensibilityGlobals) = postSolution
		SolutionGuid = {254DCCFA-4246-4C8E-AA01-037D13D3A08A}
	EndGlobalSection
EndGlobal
